
Microsoft Visual Studio Solution File, Format Version 12.00
# Visual Studio 14
VisualStudioVersion = 14.0.25420.1
MinimumVisualStudioVersion = 10.0.40219.1
Project("{FAE04EC0-301F-11D3-BF4B-00C04F79EFBC}") = "BABurgessWebApp", "BABurgessWebApp\BABurgessWebApp.csproj", "{234A2781-821F-4F6F-AFAC-C1969A2C2A18}"
EndProject
Project("{FAE04EC0-301F-11D3-BF4B-00C04F79EFBC}") = "BABurgessWebApp.Tests", "BABurgessWebApp.Tests\BABurgessWebApp.Tests.csproj", "{1E9CA59C-E868-440C-8199-C7BAA601DB05}"
EndProject
Global
	GlobalSection(SolutionConfigurationPlatforms) = preSolution
		Debug|Any CPU = Debug|Any CPU
		Release|Any CPU = Release|Any CPU
	EndGlobalSection
	GlobalSection(ProjectConfigurationPlatforms) = postSolution
		{234A2781-821F-4F6F-AFAC-C1969A2C2A18}.Debug|Any CPU.ActiveCfg = Debug|Any CPU
		{234A2781-821F-4F6F-AFAC-C1969A2C2A18}.Debug|Any CPU.Build.0 = Debug|Any CPU
		{234A2781-821F-4F6F-AFAC-C1969A2C2A18}.Release|Any CPU.ActiveCfg = Release|Any CPU
		{234A2781-821F-4F6F-AFAC-C1969A2C2A18}.Release|Any CPU.Build.0 = Release|Any CPU
		{1E9CA59C-E868-440C-8199-C7BAA601DB05}.Debug|Any CPU.ActiveCfg = Debug|Any CPU
		{1E9CA59C-E868-440C-8199-C7BAA601DB05}.Debug|Any CPU.Build.0 = Debug|Any CPU
		{1E9CA59C-E868-440C-8199-C7BAA601DB05}.Release|Any CPU.ActiveCfg = Release|Any CPU
		{1E9CA59C-E868-440C-8199-C7BAA601DB05}.Release|Any CPU.Build.0 = Release|Any CPU
	EndGlobalSection
	GlobalSection(SolutionProperties) = preSolution
		HideSolutionNode = FALSE
	EndGlobalSection
EndGlobal
